
Microsoft Visual Studio Solution File, Format Version 12.00
# Visual Studio Version 17
VisualStudioVersion = 17.6.33723.286
MinimumVisualStudioVersion = 10.0.40219.1
Project("{FAE04EC0-301F-11D3-BF4B-00C04F79EFBC}") = "MathEquation", "MathEquation\MathEquation.csproj", "{99D792EF-806C-49D6-9860-42E818822AA8}"
EndProject
Global
	GlobalSection(SolutionConfigurationPlatforms) = preSolution
		Debug|Any CPU = Debug|Any CPU
		Release|Any CPU = Release|Any CPU
	EndGlobalSection
	GlobalSection(ProjectConfigurationPlatforms) = postSolution
		{99D792EF-806C-49D6-9860-42E818822AA8}.Debug|Any CPU.ActiveCfg = Debug|Any CPU
		{99D792EF-806C-49D6-9860-42E818822AA8}.Debug|Any CPU.Build.0 = Debug|Any CPU
		{99D792EF-806C-49D6-9860-42E818822AA8}.Release|Any CPU.ActiveCfg = Release|Any CPU
		{99D792EF-806C-49D6-9860-42E818822AA8}.Release|Any CPU.Build.0 = Release|Any CPU
	EndGlobalSection
	GlobalSection(SolutionProperties) = preSolution
		HideSolutionNode = FALSE
	EndGlobalSection
	GlobalSection(ExtensibilityGlobals) = postSolution
		SolutionGuid = {994F96FE-CEDC-4360-B0C7-17E6815B8977}
	EndGlobalSection
EndGlobal
